
Microsoft Visual Studio Solution File, Format Version 12.00
# Visual Studio Version 18
VisualStudioVersion = 18.6.11828.311 oobstable
MinimumVisualStudioVersion = 10.0.40219.1
Project("{FAE04EC0-301F-11D3-BF4B-00C04F79EFBC}") = "MenuRestaurante.Api", "MenuRestaurante.Api.csproj", "{99DB0798-702A-8435-4C28-37375EF6FACE}"
EndProject
Global
	GlobalSection(SolutionConfigurationPlatforms) = preSolution
		Debug|Any CPU = Debug|Any CPU
		Release|Any CPU = Release|Any CPU
	EndGlobalSection
	GlobalSection(ProjectConfigurationPlatforms) = postSolution
		{99DB0798-702A-8435-4C28-37375EF6FACE}.Debug|Any CPU.ActiveCfg = Debug|Any CPU
		{99DB0798-702A-8435-4C28-37375EF6FACE}.Debug|Any CPU.Build.0 = Debug|Any CPU
		{99DB0798-702A-8435-4C28-37375EF6FACE}.Release|Any CPU.ActiveCfg = Release|Any CPU
		{99DB0798-702A-8435-4C28-37375EF6FACE}.Release|Any CPU.Build.0 = Release|Any CPU
	EndGlobalSection
	GlobalSection(SolutionProperties) = preSolution
		HideSolutionNode = FALSE
	EndGlobalSection
	GlobalSection(ExtensibilityGlobals) = postSolution
		SolutionGuid = {25787D43-12A3-45D2-ACE4-8C9DD635FC46}
	EndGlobalSection
EndGlobal
